{
  "sha": "6ef716553a56267bb3eb743ece483db8aa94cecb",
  "sources": {
    "siege": {
      "locked_version": "0.1.0",
      "constraint": "= 0.1.0",
      "path": "/Users/vaskas/Projects/locomote-cookbooks/siege"
    },
    "yum": {
      "locked_version": "2.2.4"
    },
    "yumrepo": {
      "locked_version": "0.16.6"
    }
  }
}
